// !$*UTF8*$!
{
	archiveVersion = 1;
	classes = {
	};
	objectVersion = 56;
	objects = {

/* Begin PBXBuildFile section */
		B4C671BA2CBDDA2E00DE6EBA /* AppDelegate.swift in Sources */ = {isa = PBXBuildFile; fileRef = B4C671B92CBDDA2E00DE6EBA /* AppDelegate.swift */; };
		B4C671BC2CBDDA2E00DE6EBA /* SceneDelegate.swift in Sources */ = {isa = PBXBuildFile; fileRef = B4C671BB2CBDDA2E00DE6EBA /* SceneDelegate.swift */; };
		B4C671C32CBDDA3900DE6EBA /* Assets.xcassets in Resources */ = {isa = PBXBuildFile; fileRef = B4C671C22CBDDA3900DE6EBA /* Assets.xcassets */; };
		B4C671C62CBDDA3900DE6EBA /* LaunchScreen.storyboard in Resources */ = {isa = PBXBuildFile; fileRef = B4C671C42CBDDA3900DE6EBA /* LaunchScreen.storyboard */; };
		B4C671CF2CBDDCD200DE6EBA /* GameBoardViewController.swift in Sources */ = {isa = PBXBuildFile; fileRef = B4C671CE2CBDDCD200DE6EBA /* GameBoardViewController.swift */; };
		B4C671D12CBDDD4100DE6EBA /* GameBoard.swift in Sources */ = {isa = PBXBuildFile; fileRef = B4C671D02CBDDD4100DE6EBA /* GameBoard.swift */; };
		B4C671D42CBDDD8800DE6EBA /* Chip.swift in Sources */ = {isa = PBXBuildFile; fileRef = B4C671D32CBDDD8800DE6EBA /* Chip.swift */; };
		B4C671D62CBDDDBA00DE6EBA /* Player.swift in Sources */ = {isa = PBXBuildFile; fileRef = B4C671D52CBDDDBA00DE6EBA /* Player.swift */; };
		B4C671D82CBDDF0C00DE6EBA /* Game.swift in Sources */ = {isa = PBXBuildFile; fileRef = B4C671D72CBDDF0C00DE6EBA /* Game.swift */; };
/* End PBXBuildFile section */

/* Begin PBXFileReference section */
		B4C671B62CBDDA2E00DE6EBA /* FourInARow.app */ = {isa = PBXFileReference; explicitFileType = wrapper.application; includeInIndex = 0; path = FourInARow.app; sourceTree = BUILT_PRODUCTS_DIR; };
		B4C671B92CBDDA2E00DE6EBA /* AppDelegate.swift */ = {isa = PBXFileReference; lastKnownFileType = sourcecode.swift; path = AppDelegate.swift; sourceTree = "<group>"; };
		B4C671BB2CBDDA2E00DE6EBA /* SceneDelegate.swift */ = {isa = PBXFileReference; lastKnownFileType = sourcecode.swift; path = SceneDelegate.swift; sourceTree = "<group>"; };
		B4C671C22CBDDA3900DE6EBA /* Assets.xcassets */ = {isa = PBXFileReference; lastKnownFileType = folder.assetcatalog; path = Assets.xcassets; sourceTree = "<group>"; };
		B4C671C52CBDDA3900DE6EBA /* Base */ = {isa = PBXFileReference; lastKnownFileType = file.storyboard; name = Base; path = Base.lproj/LaunchScreen.storyboard; sourceTree = "<group>"; };
		B4C671C72CBDDA3900DE6EBA /* Info.plist */ = {isa = PBXFileReference; lastKnownFileType = text.plist.xml; path = Info.plist; sourceTree = "<group>"; };
		B4C671CE2CBDDCD200DE6EBA /* GameBoardViewController.swift */ = {isa = PBXFileReference; lastKnownFileType = sourcecode.swift; path = GameBoardViewController.swift; sourceTree = "<group>"; };
		B4C671D02CBDDD4100DE6EBA /* GameBoard.swift */ = {isa = PBXFileReference; lastKnownFileType = sourcecode.swift; path = GameBoard.swift; sourceTree = "<group>"; };
		B4C671D32CBDDD8800DE6EBA /* Chip.swift */ = {isa = PBXFileReference; lastKnownFileType = sourcecode.swift; path = Chip.swift; sourceTree = "<group>"; };
		B4C671D52CBDDDBA00DE6EBA /* Player.swift */ = {isa = PBXFileReference; lastKnownFileType = sourcecode.swift; path = Player.swift; sourceTree = "<group>"; };
		B4C671D72CBDDF0C00DE6EBA /* Game.swift */ = {isa = PBXFileReference; lastKnownFileType = sourcecode.swift; path = Game.swift; sourceTree = "<group>"; };
/* End PBXFileReference section */

/* Begin PBXFrameworksBuildPhase section */
		B4C671B32CBDDA2E00DE6EBA /* Frameworks */ = {
			isa = PBXFrameworksBuildPhase;
			buildActionMask = 2147483647;
			files = (
			);
			runOnlyForDeploymentPostprocessing = 0;
		};
/* End PBXFrameworksBuildPhase section */

/* Begin PBXGroup section */
		B4C671AD2CBDDA2E00DE6EBA = {
			isa = PBXGroup;
			children = (
				B4C671B82CBDDA2E00DE6EBA /* FourInARow */,
				B4C671B72CBDDA2E00DE6EBA /* Products */,
			);
			sourceTree = "<group>";
		};
		B4C671B72CBDDA2E00DE6EBA /* Products */ = {
			isa = PBXGroup;
			children = (
				B4C671B62CBDDA2E00DE6EBA /* FourInARow.app */,
			);
			name = Products;
			sourceTree = "<group>";
		};
		B4C671B82CBDDA2E00DE6EBA /* FourInARow */ = {
			isa = PBXGroup;
			children = (
				B4C671D22CBDDD6C00DE6EBA /* Common */,
				B4C671CD2CBDDC7C00DE6EBA /* GameBoard */,
				B4C671B92CBDDA2E00DE6EBA /* AppDelegate.swift */,
				B4C671BB2CBDDA2E00DE6EBA /* SceneDelegate.swift */,
				B4C671C22CBDDA3900DE6EBA /* Assets.xcassets */,
				B4C671C42CBDDA3900DE6EBA /* LaunchScreen.storyboard */,
				B4C671C72CBDDA3900DE6EBA /* Info.plist */,
			);
			path = FourInARow;
			sourceTree = "<group>";
		};
		B4C671CD2CBDDC7C00DE6EBA /* GameBoard */ = {
			isa = PBXGroup;
			children = (
				B4C671CE2CBDDCD200DE6EBA /* GameBoardViewController.swift */,
				B4C671D02CBDDD4100DE6EBA /* GameBoard.swift */,
			);
			path = GameBoard;
			sourceTree = "<group>";
		};
		B4C671D22CBDDD6C00DE6EBA /* Common */ = {
			isa = PBXGroup;
			children = (
				B4C671D32CBDDD8800DE6EBA /* Chip.swift */,
				B4C671D52CBDDDBA00DE6EBA /* Player.swift */,
				B4C671D72CBDDF0C00DE6EBA /* Game.swift */,
			);
			path = Common;
			sourceTree = "<group>";
		};
/* End PBXGroup section */

/* Begin PBXNativeTarget section */
		B4C671B52CBDDA2E00DE6EBA /* FourInARow */ = {
			isa = PBXNativeTarget;
			buildConfigurationList = B4C671CA2CBDDA3900DE6EBA /* Build configuration list for PBXNativeTarget "FourInARow" */;
			buildPhases = (
				B4C671B22CBDDA2E00DE6EBA /* Sources */,
				B4C671B32CBDDA2E00DE6EBA /* Frameworks */,
				B4C671B42CBDDA2E00DE6EBA /* Resources */,
			);
			buildRules = (
			);
			dependencies = (
			);
			name = FourInARow;
			productName = FourInARow;
			productReference = B4C671B62CBDDA2E00DE6EBA /* FourInARow.app */;
			productType = "com.apple.product-type.application";
		};
/* End PBXNativeTarget section */

/* Begin PBXProject section */
		B4C671AE2CBDDA2E00DE6EBA /* Project object */ = {
			isa = PBXProject;
			attributes = {
				BuildIndependentTargetsInParallel = 1;
				LastSwiftUpdateCheck = 1420;
				LastUpgradeCheck = 1420;
				TargetAttributes = {
					B4C671B52CBDDA2E00DE6EBA = {
						CreatedOnToolsVersion = 14.2;
					};
				};
			};
			buildConfigurationList = B4C671B12CBDDA2E00DE6EBA /* Build configuration list for PBXProject "FourInARow" */;
			compatibilityVersion = "Xcode 14.0";
			developmentRegion = en;
			hasScannedForEncodings = 0;
			knownRegions = (
				en,
				Base,
			);
			mainGroup = B4C671AD2CBDDA2E00DE6EBA;
			productRefGroup = B4C671B72CBDDA2E00DE6EBA /* Products */;
			projectDirPath = "";
			projectRoot = "";
			targets = (
				B4C671B52CBDDA2E00DE6EBA /* FourInARow */,
			);
		};
/* End PBXProject section */

/* Begin PBXResourcesBuildPhase section */
		B4C671B42CBDDA2E00DE6EBA /* Resources */ = {
			isa = PBXResourcesBuildPhase;
			buildActionMask = 2147483647;
			files = (
				B4C671C62CBDDA3900DE6EBA /* LaunchScreen.storyboard in Resources */,
				B4C671C32CBDDA3900DE6EBA /* Assets.xcassets in Resources */,
			);
			runOnlyForDeploymentPostprocessing = 0;
		};
/* End PBXResourcesBuildPhase section */

/* Begin PBXSourcesBuildPhase section */
		B4C671B22CBDDA2E00DE6EBA /* Sources */ = {
			isa = PBXSourcesBuildPhase;
			buildActionMask = 2147483647;
			files = (
				B4C671D12CBDDD4100DE6EBA /* GameBoard.swift in Sources */,
				B4C671CF2CBDDCD200DE6EBA /* GameBoardViewController.swift in Sources */,
				B4C671D82CBDDF0C00DE6EBA /* Game.swift in Sources */,
				B4C671BA2CBDDA2E00DE6EBA /* AppDelegate.swift in Sources */,
				B4C671D42CBDDD8800DE6EBA /* Chip.swift in Sources */,
				B4C671D62CBDDDBA00DE6EBA /* Player.swift in Sources */,
				B4C671BC2CBDDA2E00DE6EBA /* SceneDelegate.swift in Sources */,
			);
			runOnlyForDeploymentPostprocessing = 0;
		};
/* End PBXSourcesBuildPhase section */

/* Begin PBXVariantGroup section */
		B4C671C42CBDDA3900DE6EBA /* LaunchScreen.storyboard */ = {
			isa = PBXVariantGroup;
			children = (
				B4C671C52CBDDA3900DE6EBA /* Base */,
			);
			name = LaunchScreen.storyboard;
			sourceTree = "<group>";
		};
/* End PBXVariantGroup section */

/* Begin XCBuildConfiguration section */
		B4C671C82CBDDA3900DE6EBA /* Debug */ = {
			isa = XCBuildConfiguration;
			buildSettings = {
				ALWAYS_SEARCH_USER_PATHS = NO;
				CLANG_ANALYZER_NONNULL = YES;
				CLANG_ANALYZER_NUMBER_OBJECT_CONVERSION = YES_AGGRESSIVE;
				CLANG_CXX_LANGUAGE_STANDARD = "gnu++20";
				CLANG_ENABLE_MODULES = YES;
				CLANG_ENABLE_OBJC_ARC = YES;
				CLANG_ENABLE_OBJC_WEAK = YES;
				CLANG_WARN_BLOCK_CAPTURE_AUTORELEASING = YES;
				CLANG_WARN_BOOL_CONVERSION = YES;
				CLANG_WARN_COMMA = YES;
				CLANG_WARN_CONSTANT_CONVERSION = YES;
				CLANG_WARN_DEPRECATED_OBJC_IMPLEMENTATIONS = YES;
				CLANG_WARN_DIRECT_OBJC_ISA_USAGE = YES_ERROR;
				CLANG_WARN_DOCUMENTATION_COMMENTS = YES;
				CLANG_WARN_EMPTY_BODY = YES;
				CLANG_WARN_ENUM_CONVERSION = YES;
				CLANG_WARN_INFINITE_RECURSION = YES;
				CLANG_WARN_INT_CONVERSION = YES;
				CLANG_WARN_NON_LITERAL_NULL_CONVERSION = YES;
				CLANG_WARN_OBJC_IMPLICIT_RETAIN_SELF = YES;
				CLANG_WARN_OBJC_LITERAL_CONVERSION = YES;
				CLANG_WARN_OBJC_ROOT_CLASS = YES_ERROR;
				CLANG_WARN_QUOTED_INCLUDE_IN_FRAMEWORK_HEADER = YES;
				CLANG_WARN_RANGE_LOOP_ANALYSIS = YES;
				CLANG_WARN_STRICT_PROTOTYPES = YES;
				CLANG_WARN_SUSPICIOUS_MOVE = YES;
				CLANG_WARN_UNGUARDED_AVAILABILITY = YES_AGGRESSIVE;
				CLANG_WARN_UNREACHABLE_CODE = YES;
				CLANG_WARN__DUPLICATE_METHOD_MATCH = YES;
				COPY_PHASE_STRIP = NO;
				DEBUG_INFORMATION_FORMAT = dwarf;
				ENABLE_STRICT_OBJC_MSGSEND = YES;
				ENABLE_TESTABILITY = YES;
				GCC_C_LANGUAGE_STANDARD = gnu11;
				GCC_DYNAMIC_NO_PIC = NO;
				GCC_NO_COMMON_BLOCKS = YES;
				GCC_OPTIMIZATION_LEVEL = 0;
				GCC_PREPROCESSOR_DEFINITIONS = (
					"DEBUG=1",
					"$(inherited)",
				);
				GCC_WARN_64_TO_32_BIT_CONVERSION = YES;
				GCC_WARN_ABOUT_RETURN_TYPE = YES_ERROR;
				GCC_WARN_UNDECLARED_SELECTOR = YES;
				GCC_WARN_UNINITIALIZED_AUTOS = YES_AGGRESSIVE;
				GCC_WARN_UNUSED_FUNCTION = YES;
				GCC_WARN_UNUSED_VARIABLE = YES;
				IPHONEOS_DEPLOYMENT_TARGET = 16.2;
				MTL_ENABLE_DEBUG_INFO = INCLUDE_SOURCE;
				MTL_FAST_MATH = YES;
				ONLY_ACTIVE_ARCH = YES;
				SDKROOT = iphoneos;
				SWIFT_ACTIVE_COMPILATION_CONDITIONS = DEBUG;
				SWIFT_OPTIMIZATION_LEVEL = "-Onone";
			};
			name = Debug;
		};
		B4C671C92CBDDA3900DE6EBA /* Release */ = {
			isa = XCBuildConfiguration;
			buildSettings = {
				ALWAYS_SEARCH_USER_PATHS = NO;
				CLANG_ANALYZER_NONNULL = YES;
				CLANG_ANALYZER_NUMBER_OBJECT_CONVERSION = YES_AGGRESSIVE;
				CLANG_CXX_LANGUAGE_STANDARD = "gnu++20";
				CLANG_ENABLE_MODULES = YES;
				CLANG_ENABLE_OBJC_ARC = YES;
				CLANG_ENABLE_OBJC_WEAK = YES;
				CLANG_WARN_BLOCK_CAPTURE_AUTORELEASING = YES;
				CLANG_WARN_BOOL_CONVERSION = YES;
				CLANG_WARN_COMMA = YES;
				CLANG_WARN_CONSTANT_CONVERSION = YES;
				CLANG_WARN_DEPRECATED_OBJC_IMPLEMENTATIONS = YES;
				CLANG_WARN_DIRECT_OBJC_ISA_USAGE = YES_ERROR;
				CLANG_WARN_DOCUMENTATION_COMMENTS = YES;
				CLANG_WARN_EMPTY_BODY = YES;
				CLANG_WARN_ENUM_CONVERSION = YES;
				CLANG_WARN_INFINITE_RECURSION = YES;
				CLANG_WARN_INT_CONVERSION = YES;
				CLANG_WARN_NON_LITERAL_NULL_CONVERSION = YES;
				CLANG_WARN_OBJC_IMPLICIT_RETAIN_SELF = YES;
				CLANG_WARN_OBJC_LITERAL_CONVERSION = YES;
				CLANG_WARN_OBJC_ROOT_CLASS = YES_ERROR;
				CLANG_WARN_QUOTED_INCLUDE_IN_FRAMEWORK_HEADER = YES;
				CLANG_WARN_RANGE_LOOP_ANALYSIS = YES;
				CLANG_WARN_STRICT_PROTOTYPES = YES;
				CLANG_WARN_SUSPICIOUS_MOVE = YES;
				CLANG_WARN_UNGUARDED_AVAILABILITY = YES_AGGRESSIVE;
				CLANG_WARN_UNREACHABLE_CODE = YES;
				CLANG_WARN__DUPLICATE_METHOD_MATCH = YES;
				COPY_PHASE_STRIP = NO;
				DEBUG_INFORMATION_FORMAT = "dwarf-with-dsym";
				ENABLE_NS_ASSERTIONS = NO;
				ENABLE_STRICT_OBJC_MSGSEND = YES;
				GCC_C_LANGUAGE_STANDARD = gnu11;
				GCC_NO_COMMON_BLOCKS = YES;
				GCC_WARN_64_TO_32_BIT_CONVERSION = YES;
				GCC_WARN_ABOUT_RETURN_TYPE = YES_ERROR;
				GCC_WARN_UNDECLARED_SELECTOR = YES;
				GCC_WARN_UNINITIALIZED_AUTOS = YES_AGGRESSIVE;
				GCC_WARN_UNUSED_FUNCTION = YES;
				GCC_WARN_UNUSED_VARIABLE = YES;
				IPHONEOS_DEPLOYMENT_TARGET = 16.2;
				MTL_ENABLE_DEBUG_INFO = NO;
				MTL_FAST_MATH = YES;
				SDKROOT = iphoneos;
				SWIFT_COMPILATION_MODE = wholemodule;
				SWIFT_OPTIMIZATION_LEVEL = "-O";
				VALIDATE_PRODUCT = YES;
			};
			name = Release;
		};
		B4C671CB2CBDDA3900DE6EBA /* Debug */ = {
			isa = XCBuildConfiguration;
			buildSettings = {
				ASSETCATALOG_COMPILER_APPICON_NAME = AppIcon;
				ASSETCATALOG_COMPILER_GLOBAL_ACCENT_COLOR_NAME = AccentColor;
				CODE_SIGN_STYLE = Automatic;
				CURRENT_PROJECT_VERSION = 1;
				DEVELOPMENT_TEAM = UT2RZS7M95;
				GENERATE_INFOPLIST_FILE = YES;
				INFOPLIST_FILE = FourInARow/Info.plist;
				INFOPLIST_KEY_UIApplicationSupportsIndirectInputEvents = YES;
				INFOPLIST_KEY_UILaunchStoryboardName = LaunchScreen;
				INFOPLIST_KEY_UIMainStoryboardFile = Main;
				INFOPLIST_KEY_UIRequiresFullScreen = YES;
				INFOPLIST_KEY_UISupportedInterfaceOrientations = "UIInterfaceOrientationLandscapeLeft UIInterfaceOrientationLandscapeRight";
				INFOPLIST_KEY_UISupportedInterfaceOrientations_iPad = "UIInterfaceOrientationLandscapeLeft UIInterfaceOrientationLandscapeRight UIInterfaceOrientationPortraitUpsideDown";
				IPHONEOS_DEPLOYMENT_TARGET = 15.0;
				LD_RUNPATH_SEARCH_PATHS = (
					"$(inherited)",
					"@executable_path/Frameworks",
				);
				MARKETING_VERSION = 1.0;
				PRODUCT_BUNDLE_IDENTIFIER = com.DavidMendoza.FourInARow;
				PRODUCT_NAME = "$(TARGET_NAME)";
				SWIFT_EMIT_LOC_STRINGS = YES;
				SWIFT_VERSION = 5.0;
				TARGETED_DEVICE_FAMILY = "1,2";
			};
			name = Debug;
		};
		B4C671CC2CBDDA3900DE6EBA /* Release */ = {
			isa = XCBuildConfiguration;
			buildSettings = {
				ASSETCATALOG_COMPILER_APPICON_NAME = AppIcon;
				ASSETCATALOG_COMPILER_GLOBAL_ACCENT_COLOR_NAME = AccentColor;
				CODE_SIGN_STYLE = Automatic;
				CURRENT_PROJECT_VERSION = 1;
				DEVELOPMENT_TEAM = UT2RZS7M95;
				GENERATE_INFOPLIST_FILE = YES;
				INFOPLIST_FILE = FourInARow/Info.plist;
				INFOPLIST_KEY_UIApplicationSupportsIndirectInputEvents = YES;
				INFOPLIST_KEY_UILaunchStoryboardName = LaunchScreen;
				INFOPLIST_KEY_UIMainStoryboardFile = Main;
				INFOPLIST_KEY_UIRequiresFullScreen = YES;
				INFOPLIST_KEY_UISupportedInterfaceOrientations = "UIInterfaceOrientationLandscapeLeft UIInterfaceOrientationLandscapeRight";
				INFOPLIST_KEY_UISupportedInterfaceOrientations_iPad = "UIInterfaceOrientationLandscapeLeft UIInterfaceOrientationLandscapeRight UIInterfaceOrientationPortraitUpsideDown";
				IPHONEOS_DEPLOYMENT_TARGET = 15.0;
				LD_RUNPATH_SEARCH_PATHS = (
					"$(inherited)",
					"@executable_path/Frameworks",
				);
				MARKETING_VERSION = 1.0;
				PRODUCT_BUNDLE_IDENTIFIER = com.DavidMendoza.FourInARow;
				PRODUCT_NAME = "$(TARGET_NAME)";
				SWIFT_EMIT_LOC_STRINGS = YES;
				SWIFT_VERSION = 5.0;
				TARGETED_DEVICE_FAMILY = "1,2";
			};
			name = Release;
		};
/* End XCBuildConfiguration section */

/* Begin XCConfigurationList section */
		B4C671B12CBDDA2E00DE6EBA /* Build configuration list for PBXProject "FourInARow" */ = {
			isa = XCConfigurationList;
			buildConfigurations = (
				B4C671C82CBDDA3900DE6EBA /* Debug */,
				B4C671C92CBDDA3900DE6EBA /* Release */,
			);
			defaultConfigurationIsVisible = 0;
			defaultConfigurationName = Release;
		};
		B4C671CA2CBDDA3900DE6EBA /* Build configuration list for PBXNativeTarget "FourInARow" */ = {
			isa = XCConfigurationList;
			buildConfigurations = (
				B4C671CB2CBDDA3900DE6EBA /* Debug */,
				B4C671CC2CBDDA3900DE6EBA /* Release */,
			);
			defaultConfigurationIsVisible = 0;
			defaultConfigurationName = Release;
		};
/* End XCConfigurationList section */
	};
	rootObject = B4C671AE2CBDDA2E00DE6EBA /* Project object */;
}
